<Solution>
  <Folder Name="/Solution Items/">
    <File Path=".env" />
    <File Path=".gitignore" />
    <File Path="commands.txt" />
    <File Path="docker-compose.yml" />
  </Folder>
  <Project Path="YearlyFinances.Core/YearlyFinances.Core.csproj" />
  <Project Path="YearlyFinances.Dashboard/YearlyFinances.Dashboard.csproj" />
  <Project Path="YearlyFinances.Tests/YearlyFinances.Tests.csproj" />
</Solution>
